
Microsoft Visual Studio Solution File, Format Version 12.00
# Visual Studio Version 17
VisualStudioVersion = 17.14.36518.9 d17.14
MinimumVisualStudioVersion = 10.0.40219.1
Project("{FAE04EC0-301F-11D3-BF4B-00C04F79EFBC}") = "Painter", "Painter\Painter.csproj", "{9713A34B-0A34-43F9-A807-D086457712E6}"
EndProject
Global
	GlobalSection(SolutionConfigurationPlatforms) = preSolution
		Debug|Any CPU = Debug|Any CPU
		Release|Any CPU = Release|Any CPU
	EndGlobalSection
	GlobalSection(ProjectConfigurationPlatforms) = postSolution
		{9713A34B-0A34-43F9-A807-D086457712E6}.Debug|Any CPU.ActiveCfg = Debug|Any CPU
		{9713A34B-0A34-43F9-A807-D086457712E6}.Debug|Any CPU.Build.0 = Debug|Any CPU
		{9713A34B-0A34-43F9-A807-D086457712E6}.Release|Any CPU.ActiveCfg = Release|Any CPU
		{9713A34B-0A34-43F9-A807-D086457712E6}.Release|Any CPU.Build.0 = Release|Any CPU
	EndGlobalSection
	GlobalSection(SolutionProperties) = preSolution
		HideSolutionNode = FALSE
	EndGlobalSection
	GlobalSection(ExtensibilityGlobals) = postSolution
		SolutionGuid = {AF3DBE0C-75EF-4F56-8353-802BA13F2C92}
	EndGlobalSection
EndGlobal
